
Microsoft Visual Studio Solution File, Format Version 12.00
# Visual Studio Version 17
VisualStudioVersion = 17.10.35013.160
MinimumVisualStudioVersion = 10.0.40219.1
Project("{FAE04EC0-301F-11D3-BF4B-00C04F79EFBC}") = "WinFormMethod2", "WinFormMethod2\WinFormMethod2.csproj", "{F8A87FA4-189C-40E8-879B-0776CAA97DD7}"
EndProject
Global
	GlobalSection(SolutionConfigurationPlatforms) = preSolution
		Debug|Any CPU = Debug|Any CPU
		Release|Any CPU = Release|Any CPU
	EndGlobalSection
	GlobalSection(ProjectConfigurationPlatforms) = postSolution
		{F8A87FA4-189C-40E8-879B-0776CAA97DD7}.Debug|Any CPU.ActiveCfg = Debug|Any CPU
		{F8A87FA4-189C-40E8-879B-0776CAA97DD7}.Debug|Any CPU.Build.0 = Debug|Any CPU
		{F8A87FA4-189C-40E8-879B-0776CAA97DD7}.Release|Any CPU.ActiveCfg = Release|Any CPU
		{F8A87FA4-189C-40E8-879B-0776CAA97DD7}.Release|Any CPU.Build.0 = Release|Any CPU
	EndGlobalSection
	GlobalSection(SolutionProperties) = preSolution
		HideSolutionNode = FALSE
	EndGlobalSection
	GlobalSection(ExtensibilityGlobals) = postSolution
		SolutionGuid = {DC9320FC-89BE-4FAE-8303-D9CE48ED68F0}
	EndGlobalSection
EndGlobal
